
Microsoft Visual Studio Solution File, Format Version 12.00
# Visual Studio Version 17
VisualStudioVersion = 17.14.36327.8
MinimumVisualStudioVersion = 10.0.40219.1
Project("{FAE04EC0-301F-11D3-BF4B-00C04F79EFBC}") = "ExcelToolkitAddIn", "ExcelToolkitAddIn.csproj", "{FD77A6BF-3340-4CC7-B481-340BC50B2306}"
EndProject
Project("{FAE04EC0-301F-11D3-BF4B-00C04F79EFBC}") = "Function", "..\Function\Function.csproj", "{2A595C76-5055-4D36-8D38-EA001310F5CF}"
EndProject
Project("{FAE04EC0-301F-11D3-BF4B-00C04F79EFBC}") = "JupyterInExcelAddIn", "..\JupyterInExcelAddIn\JupyterInExcelAddIn.csproj", "{52C48354-2B29-4AE0-9528-30C6AC7FF236}"
EndProject
Global
	GlobalSection(SolutionConfigurationPlatforms) = preSolution
		Debug|Any CPU = Debug|Any CPU
		Release|Any CPU = Release|Any CPU
	EndGlobalSection
	GlobalSection(ProjectConfigurationPlatforms) = postSolution
		{FD77A6BF-3340-4CC7-B481-340BC50B2306}.Debug|Any CPU.ActiveCfg = Debug|Any CPU
		{FD77A6BF-3340-4CC7-B481-340BC50B2306}.Debug|Any CPU.Build.0 = Debug|Any CPU
		{FD77A6BF-3340-4CC7-B481-340BC50B2306}.Release|Any CPU.ActiveCfg = Release|Any CPU
		{FD77A6BF-3340-4CC7-B481-340BC50B2306}.Release|Any CPU.Build.0 = Release|Any CPU
		{2A595C76-5055-4D36-8D38-EA001310F5CF}.Debug|Any CPU.ActiveCfg = Debug|Any CPU
		{2A595C76-5055-4D36-8D38-EA001310F5CF}.Debug|Any CPU.Build.0 = Debug|Any CPU
		{2A595C76-5055-4D36-8D38-EA001310F5CF}.Release|Any CPU.ActiveCfg = Release|Any CPU
		{2A595C76-5055-4D36-8D38-EA001310F5CF}.Release|Any CPU.Build.0 = Release|Any CPU
		{52C48354-2B29-4AE0-9528-30C6AC7FF236}.Debug|Any CPU.ActiveCfg = Debug|Any CPU
		{52C48354-2B29-4AE0-9528-30C6AC7FF236}.Debug|Any CPU.Build.0 = Debug|Any CPU
		{52C48354-2B29-4AE0-9528-30C6AC7FF236}.Release|Any CPU.ActiveCfg = Release|Any CPU
		{52C48354-2B29-4AE0-9528-30C6AC7FF236}.Release|Any CPU.Build.0 = Release|Any CPU
	EndGlobalSection
	GlobalSection(SolutionProperties) = preSolution
		HideSolutionNode = FALSE
	EndGlobalSection
	GlobalSection(ExtensibilityGlobals) = postSolution
		SolutionGuid = {0C010AE9-A6FF-426D-A23E-CD31F536B4E3}
	EndGlobalSection
EndGlobal
